{
  "name": "pr",
  "version": "1.0.0",
  "lockfileVersion": 1,
  "requires": true,
  "dependencies": {
    "prime-num": {
      "version": "0.0.1",
      "resolved": "https://registry.npmjs.org/prime-num/-/prime-num-0.0.1.tgz",
      "integrity": "sha512-cTiNiIkKwXrLNv7rhw2CYqmKg1WvPzDxas8XlSZxD3H8h1T1jeyP/mkxRHncI6LJZ3veBBoEkdFIMvnXj3qqPA=="
    },
    "primeupto": {
      "version": "1.1.1",
      "resolved": "https://registry.npmjs.org/primeupto/-/primeupto-1.1.1.tgz",
      "integrity": "sha512-8+zFtS7YbRhKpXfqmYdOWla3Il0YXaqBY92Q+8bNLaWAJwtquK1koDi1bZqXHtXxZGJJmPyP5W79sPvdjdLsYQ=="
    }
  }
}
